Microsoft Visual Studio Solution File, Format Version 12.00
# Visual Studio 15
VisualStudioVersion = 15.0.27912.0
MinimumVisualStudioVersion = 10.0.40219.1
Project("{FAE04EC0-301F-11D3-BF4B-00C04F79EFBC}") = "TheLittleThingsPlayground.Android", "TheLittleThingsPlayground.Android\TheLittleThingsPlayground.Android.csproj", "{443AEE28-CA64-4015-99D8-EB428C4D923D}"
EndProject
Project("{FAE04EC0-301F-11D3-BF4B-00C04F79EFBC}") = "TheLittleThingsPlayground.iOS", "TheLittleThingsPlayground.iOS\TheLittleThingsPlayground.iOS.csproj", "{2D18B695-2B8E-4AA7-8F7A-939002A30006}"
EndProject
Project("{9A19103F-16F7-4668-BE54-9A1E7A4F7556}") = "TheLittleThingsPlayground", "TheLittleThingsPlayground\TheLittleThingsPlayground.csproj", "{4E1B7C52-4984-44CE-98AF-25CD7A9FB3ED}"
EndProject
Project("{FAE04EC0-301F-11D3-BF4B-00C04F79EFBC}") = "TheLittleThingsPlayground.UWP", "TheLittleThingsPlayground.UWP\TheLittleThingsPlayground.UWP.csproj", "{40BB1B3E-C7C9-4B11-A012-843E16BBEFA2}"
EndProject
Global
	GlobalSection(SolutionConfigurationPlatforms) = preSolution
		Debug|Any CPU = Debug|Any CPU
		Debug|ARM = Debug|ARM
		Debug|iPhone = Debug|iPhone
		Debug|iPhoneSimulator = Debug|iPhoneSimulator
		Debug|x64 = Debug|x64
		Debug|x86 = Debug|x86
		Release|Any CPU = Release|Any CPU
		Release|ARM = Release|ARM
		Release|iPhone = Release|iPhone
		Release|iPhoneSimulator = Release|iPhoneSimulator
		Release|x64 = Release|x64
		Release|x86 = Release|x86
	EndGlobalSection
	GlobalSection(ProjectConfigurationPlatforms) = postSolution
		{443AEE28-CA64-4015-99D8-EB428C4D923D}.Debug|Any CPU.ActiveCfg = Debug|Any CPU
		{443AEE28-CA64-4015-99D8-EB428C4D923D}.Debug|Any CPU.Build.0 = Debug|Any CPU
		{443AEE28-CA64-4015-99D8-EB428C4D923D}.Debug|Any CPU.Deploy.0 = Debug|Any CPU
		{443AEE28-CA64-4015-99D8-EB428C4D923D}.Debug|ARM.ActiveCfg = Debug|Any CPU
		{443AEE28-CA64-4015-99D8-EB428C4D923D}.Debug|ARM.Build.0 = Debug|Any CPU
		{443AEE28-CA64-4015-99D8-EB428C4D923D}.Debug|ARM.Deploy.0 = Debug|Any CPU
		{443AEE28-CA64-4015-99D8-EB428C4D923D}.Debug|iPhone.ActiveCfg = Debug|Any CPU
		{443AEE28-CA64-4015-99D8-EB428C4D923D}.Debug|iPhone.Build.0 = Debug|Any CPU
		{443AEE28-CA64-4015-99D8-EB428C4D923D}.Debug|iPhoneSimulator.ActiveCfg = Debug|Any CPU
		{443AEE28-CA64-4015-99D8-EB428C4D923D}.Debug|iPhoneSimulator.Build.0 = Debug|Any CPU
		{443AEE28-CA64-4015-99D8-EB428C4D923D}.Debug|x64.ActiveCfg = Debug|Any CPU
		{443AEE28-CA64-4015-99D8-EB428C4D923D}.Debug|x64.Build.0 = Debug|Any CPU
		{443AEE28-CA64-4015-99D8-EB428C4D923D}.Debug|x64.Deploy.0 = Debug|Any CPU
		{443AEE28-CA64-4015-99D8-EB428C4D923D}.Debug|x86.ActiveCfg = Debug|Any CPU
		{443AEE28-CA64-4015-99D8-EB428C4D923D}.Debug|x86.Build.0 = Debug|Any CPU
		{443AEE28-CA64-4015-99D8-EB428C4D923D}.Debug|x86.Deploy.0 = Debug|Any CPU
		{443AEE28-CA64-4015-99D8-EB428C4D923D}.Release|Any CPU.ActiveCfg = Release|Any CPU
		{443AEE28-CA64-4015-99D8-EB428C4D923D}.Release|Any CPU.Build.0 = Release|Any CPU
		{443AEE28-CA64-4015-99D8-EB428C4D923D}.Release|ARM.ActiveCfg = Release|Any CPU
		{443AEE28-CA64-4015-99D8-EB428C4D923D}.Release|ARM.Build.0 = Release|Any CPU
		{443AEE28-CA64-4015-99D8-EB428C4D923D}.Release|ARM.Deploy.0 = Release|Any CPU
		{443AEE28-CA64-4015-99D8-EB428C4D923D}.Release|iPhone.ActiveCfg = Release|Any CPU
		{443AEE28-CA64-4015-99D8-EB428C4D923D}.Release|iPhone.Build.0 = Release|Any CPU
		{443AEE28-CA64-4015-99D8-EB428C4D923D}.Release|iPhoneSimulator.ActiveCfg = Release|Any CPU
		{443AEE28-CA64-4015-99D8-EB428C4D923D}.Release|iPhoneSimulator.Build.0 = Release|Any CPU
		{443AEE28-CA64-4015-99D8-EB428C4D923D}.Release|x64.ActiveCfg = Release|Any CPU
		{443AEE28-CA64-4015-99D8-EB428C4D923D}.Release|x64.Build.0 = Release|Any CPU
		{443AEE28-CA64-4015-99D8-EB428C4D923D}.Release|x64.Deploy.0 = Release|Any CPU
		{443AEE28-CA64-4015-99D8-EB428C4D923D}.Release|x86.ActiveCfg = Release|Any CPU
		{443AEE28-CA64-4015-99D8-EB428C4D923D}.Release|x86.Build.0 = Release|Any CPU
		{443AEE28-CA64-4015-99D8-EB428C4D923D}.Release|x86.Deploy.0 = Release|Any CPU
		{2D18B695-2B8E-4AA7-8F7A-939002A30006}.Debug|Any CPU.ActiveCfg = Debug|iPhoneSimulator
		{2D18B695-2B8E-4AA7-8F7A-939002A30006}.Debug|Any CPU.Build.0 = Debug|iPhoneSimulator
		{2D18B695-2B8E-4AA7-8F7A-939002A30006}.Debug|ARM.ActiveCfg = Debug|iPhone
		{2D18B695-2B8E-4AA7-8F7A-939002A30006}.Debug|iPhone.ActiveCfg = Debug|iPhone
		{2D18B695-2B8E-4AA7-8F7A-939002A30006}.Debug|iPhone.Build.0 = Debug|iPhone
		{2D18B695-2B8E-4AA7-8F7A-939002A30006}.Debug|iPhoneSimulator.ActiveCfg = Debug|iPhoneSimulator
		{2D18B695-2B8E-4AA7-8F7A-939002A30006}.Debug|iPhoneSimulator.Build.0 = Debug|iPhoneSimulator
		{2D18B695-2B8E-4AA7-8F7A-939002A30006}.Debug|x64.ActiveCfg = Debug|iPhone
		{2D18B695-2B8E-4AA7-8F7A-939002A30006}.Debug|x86.ActiveCfg = Debug|iPhone
		{2D18B695-2B8E-4AA7-8F7A-939002A30006}.Release|Any CPU.ActiveCfg = Release|iPhoneSimulator
		{2D18B695-2B8E-4AA7-8F7A-939002A30006}.Release|Any CPU.Build.0 = Release|iPhoneSimulator
		{2D18B695-2B8E-4AA7-8F7A-939002A30006}.Release|ARM.ActiveCfg = Release|iPhone
		{2D18B695-2B8E-4AA7-8F7A-939002A30006}.Release|iPhone.ActiveCfg = Release|iPhone
		{2D18B695-2B8E-4AA7-8F7A-939002A30006}.Release|iPhone.Build.0 = Release|iPhone
		{2D18B695-2B8E-4AA7-8F7A-939002A30006}.Release|iPhoneSimulator.ActiveCfg = Release|iPhoneSimulator
		{2D18B695-2B8E-4AA7-8F7A-939002A30006}.Release|iPhoneSimulator.Build.0 = Release|iPhoneSimulator
		{2D18B695-2B8E-4AA7-8F7A-939002A30006}.Release|x64.ActiveCfg = Release|iPhone
		{2D18B695-2B8E-4AA7-8F7A-939002A30006}.Release|x86.ActiveCfg = Release|iPhone
		{4E1B7C52-4984-44CE-98AF-25CD7A9FB3ED}.Debug|Any CPU.ActiveCfg = Debug|Any CPU
		{4E1B7C52-4984-44CE-98AF-25CD7A9FB3ED}.Debug|Any CPU.Build.0 = Debug|Any CPU
		{4E1B7C52-4984-44CE-98AF-25CD7A9FB3ED}.Debug|ARM.ActiveCfg = Debug|Any CPU
		{4E1B7C52-4984-44CE-98AF-25CD7A9FB3ED}.Debug|ARM.Build.0 = Debug|Any CPU
		{4E1B7C52-4984-44CE-98AF-25CD7A9FB3ED}.Debug|iPhone.ActiveCfg = Debug|Any CPU
		{4E1B7C52-4984-44CE-98AF-25CD7A9FB3ED}.Debug|iPhone.Build.0 = Debug|Any CPU
		{4E1B7C52-4984-44CE-98AF-25CD7A9FB3ED}.Debug|iPhoneSimulator.ActiveCfg = Debug|Any CPU
		{4E1B7C52-4984-44CE-98AF-25CD7A9FB3ED}.Debug|iPhoneSimulator.Build.0 = Debug|Any CPU
		{4E1B7C52-4984-44CE-98AF-25CD7A9FB3ED}.Debug|x64.ActiveCfg = Debug|Any CPU
		{4E1B7C52-4984-44CE-98AF-25CD7A9FB3ED}.Debug|x64.Build.0 = Debug|Any CPU
		{4E1B7C52-4984-44CE-98AF-25CD7A9FB3ED}.Debug|x86.ActiveCfg = Debug|Any CPU
		{4E1B7C52-4984-44CE-98AF-25CD7A9FB3ED}.Debug|x86.Build.0 = Debug|Any CPU
		{4E1B7C52-4984-44CE-98AF-25CD7A9FB3ED}.Release|Any CPU.ActiveCfg = Release|Any CPU
		{4E1B7C52-4984-44CE-98AF-25CD7A9FB3ED}.Release|Any CPU.Build.0 = Release|Any CPU
		{4E1B7C52-4984-44CE-98AF-25CD7A9FB3ED}.Release|ARM.ActiveCfg = Release|Any CPU
		{4E1B7C52-4984-44CE-98AF-25CD7A9FB3ED}.Release|ARM.Build.0 = Release|Any CPU
		{4E1B7C52-4984-44CE-98AF-25CD7A9FB3ED}.Release|iPhone.ActiveCfg = Release|Any CPU
		{4E1B7C52-4984-44CE-98AF-25CD7A9FB3ED}.Release|iPhone.Build.0 = Release|Any CPU
		{4E1B7C52-4984-44CE-98AF-25CD7A9FB3ED}.Release|iPhoneSimulator.ActiveCfg = Release|Any CPU
		{4E1B7C52-4984-44CE-98AF-25CD7A9FB3ED}.Release|iPhoneSimulator.Build.0 = Release|Any CPU
		{4E1B7C52-4984-44CE-98AF-25CD7A9FB3ED}.Release|x64.ActiveCfg = Release|Any CPU
		{4E1B7C52-4984-44CE-98AF-25CD7A9FB3ED}.Release|x64.Build.0 = Release|Any CPU
		{4E1B7C52-4984-44CE-98AF-25CD7A9FB3ED}.Release|x86.ActiveCfg = Release|Any CPU
		{4E1B7C52-4984-44CE-98AF-25CD7A9FB3ED}.Release|x86.Build.0 = Release|Any CPU
		{40BB1B3E-C7C9-4B11-A012-843E16BBEFA2}.Debug|Any CPU.ActiveCfg = Debug|x86
		{40BB1B3E-C7C9-4B11-A012-843E16BBEFA2}.Debug|ARM.ActiveCfg = Debug|ARM
		{40BB1B3E-C7C9-4B11-A012-843E16BBEFA2}.Debug|ARM.Build.0 = Debug|ARM
		{40BB1B3E-C7C9-4B11-A012-843E16BBEFA2}.Debug|ARM.Deploy.0 = Debug|ARM
		{40BB1B3E-C7C9-4B11-A012-843E16BBEFA2}.Debug|iPhone.ActiveCfg = Debug|x86
		{40BB1B3E-C7C9-4B11-A012-843E16BBEFA2}.Debug|iPhoneSimulator.ActiveCfg = Debug|x86
		{40BB1B3E-C7C9-4B11-A012-843E16BBEFA2}.Debug|x64.ActiveCfg = Debug|x64
		{40BB1B3E-C7C9-4B11-A012-843E16BBEFA2}.Debug|x64.Build.0 = Debug|x64
		{40BB1B3E-C7C9-4B11-A012-843E16BBEFA2}.Debug|x64.Deploy.0 = Debug|x64
		{40BB1B3E-C7C9-4B11-A012-843E16BBEFA2}.Debug|x86.ActiveCfg = Debug|x86
		{40BB1B3E-C7C9-4B11-A012-843E16BBEFA2}.Debug|x86.Build.0 = Debug|x86
		{40BB1B3E-C7C9-4B11-A012-843E16BBEFA2}.Debug|x86.Deploy.0 = Debug|x86
		{40BB1B3E-C7C9-4B11-A012-843E16BBEFA2}.Release|Any CPU.ActiveCfg = Release|x86
		{40BB1B3E-C7C9-4B11-A012-843E16BBEFA2}.Release|ARM.ActiveCfg = Release|ARM
		{40BB1B3E-C7C9-4B11-A012-843E16BBEFA2}.Release|ARM.Build.0 = Release|ARM
		{40BB1B3E-C7C9-4B11-A012-843E16BBEFA2}.Release|ARM.Deploy.0 = Release|ARM
		{40BB1B3E-C7C9-4B11-A012-843E16BBEFA2}.Release|iPhone.ActiveCfg = Release|x86
		{40BB1B3E-C7C9-4B11-A012-843E16BBEFA2}.Release|iPhoneSimulator.ActiveCfg = Release|x86
		{40BB1B3E-C7C9-4B11-A012-843E16BBEFA2}.Release|x64.ActiveCfg = Release|x64
		{40BB1B3E-C7C9-4B11-A012-843E16BBEFA2}.Release|x64.Build.0 = Release|x64
		{40BB1B3E-C7C9-4B11-A012-843E16BBEFA2}.Release|x64.Deploy.0 = Release|x64
		{40BB1B3E-C7C9-4B11-A012-843E16BBEFA2}.Release|x86.ActiveCfg = Release|x86
		{40BB1B3E-C7C9-4B11-A012-843E16BBEFA2}.Release|x86.Build.0 = Release|x86
		{40BB1B3E-C7C9-4B11-A012-843E16BBEFA2}.Release|x86.Deploy.0 = Release|x86
	EndGlobalSection
	GlobalSection(SolutionProperties) = preSolution
		HideSolutionNode = FALSE
	EndGlobalSection
	GlobalSection(ExtensibilityGlobals) = postSolution
		SolutionGuid = {8D7AF723-4FAC-49B1-B3CA-F0AB68A445FF}
	EndGlobalSection
EndGlobal
